
Microsoft Visual Studio Solution File, Format Version 12.00
# Visual Studio Version 16
VisualStudioVersion = 16.0.30907.101
MinimumVisualStudioVersion = 10.0.40219.1
Project("{FAE04EC0-301F-11D3-BF4B-00C04F79EFBC}") = "ONI-SupplyingExclusions", "ONI-SupplyingExclusions.csproj", "{D02E4582-D595-4944-818A-C519D19EBFE3}"
EndProject
Global
	GlobalSection(SolutionConfigurationPlatforms) = preSolution
		Debug|Any CPU = Debug|Any CPU
		Release|Any CPU = Release|Any CPU
	EndGlobalSection
	GlobalSection(ProjectConfigurationPlatforms) = postSolution
		{D02E4582-D595-4944-818A-C519D19EBFE3}.Debug|Any CPU.ActiveCfg = Debug|Any CPU
		{D02E4582-D595-4944-818A-C519D19EBFE3}.Debug|Any CPU.Build.0 = Debug|Any CPU
		{D02E4582-D595-4944-818A-C519D19EBFE3}.Release|Any CPU.ActiveCfg = Release|Any CPU
		{D02E4582-D595-4944-818A-C519D19EBFE3}.Release|Any CPU.Build.0 = Release|Any CPU
	EndGlobalSection
	GlobalSection(SolutionProperties) = preSolution
		HideSolutionNode = FALSE
	EndGlobalSection
	GlobalSection(ExtensibilityGlobals) = postSolution
		SolutionGuid = {39323157-D6BC-4A50-B09B-BA6AC6D1ABCD}
	EndGlobalSection
EndGlobal
